github.com/shamimhost/dog v0.0.0-20240821082007-68548c138a75 h1:aYYrsHz8DCbVJhD5bQwPqoCXzZGbGsiDbYkNI7Rlz4A=
github.com/shamimhost/dog v0.0.0-20240821082007-68548c138a75/go.mod h1:FSR4dYxd+UAUd38z8HE647yc0ZTP7xKviDialiJXDIc=
github.com/shamimhost/puppy v0.0.0-20240821085626-8980e1df5e99 h1:a33S5VYigzVAcTTIqR4AbzuUe0HHsjKqIEQ2MjLMwtY=
github.com/shamimhost/puppy v0.0.0-20240821085626-8980e1df5e99/go.mod h1:0W1S8oAbRamBQ23sXE9/18wipnV4licHK5o/tmf2ipY=
